Microsoft Visual Studio Solution File, Format Version 12.00
# Visual Studio 15
VisualStudioVersion = 15.0.28307.489
MinimumVisualStudioVersion = 10.0.40219.1
Project("{9A19103F-16F7-4668-BE54-9A1E7A4F7556}") = "Pegasus_backend", "Pegasus_backend.csproj", "{DD35931A-B598-4341-9FE9-9F9AB766729D}"
EndProject
Global
	GlobalSection(SolutionConfigurationPlatforms) = preSolution
		Debug|Any CPU = Debug|Any CPU
		Release|Any CPU = Release|Any CPU
	EndGlobalSection
	GlobalSection(ProjectConfigurationPlatforms) = postSolution
		{DD35931A-B598-4341-9FE9-9F9AB766729D}.Debug|Any CPU.ActiveCfg = Debug|Any CPU
		{DD35931A-B598-4341-9FE9-9F9AB766729D}.Debug|Any CPU.Build.0 = Debug|Any CPU
		{DD35931A-B598-4341-9FE9-9F9AB766729D}.Release|Any CPU.ActiveCfg = Release|Any CPU
	EndGlobalSection
	GlobalSection(SolutionProperties) = preSolution
		HideSolutionNode = FALSE
	EndGlobalSection
	GlobalSection(ExtensibilityGlobals) = postSolution
		SolutionGuid = {D6BCE8B9-6000-4AB7-BC41-244C7BBC8EE3}
	EndGlobalSection
EndGlobal
