
Microsoft Visual Studio Solution File, Format Version 12.00
# Visual Studio 15
Project("{FAE04EC0-301F-11D3-BF4B-00C04F79EFBC}") = "Pegasus_backend", "Pegasus_backend.csproj", "{5ABF9E85-5D7C-41E0-A52D-FC75B8C49293}"
EndProject
Global
	GlobalSection(SolutionConfigurationPlatforms) = preSolution
		Debug|Any CPU = Debug|Any CPU
		Release|Any CPU = Release|Any CPU
	EndGlobalSection
	GlobalSection(ProjectConfigurationPlatforms) = postSolution
		{5ABF9E85-5D7C-41E0-A52D-FC75B8C49293}.Debug|Any CPU.ActiveCfg = Debug|Any CPU
		{5ABF9E85-5D7C-41E0-A52D-FC75B8C49293}.Debug|Any CPU.Build.0 = Debug|Any CPU
		{5ABF9E85-5D7C-41E0-A52D-FC75B8C49293}.Release|Any CPU.ActiveCfg = Release|Any CPU
		{5ABF9E85-5D7C-41E0-A52D-FC75B8C49293}.Release|Any CPU.Build.0 = Release|Any CPU
	EndGlobalSection
EndGlobal
